
Microsoft Visual Studio Solution File, Format Version 12.00
# Visual Studio Version 16
VisualStudioVersion = 16.0.32126.315
MinimumVisualStudioVersion = 10.0.40219.1
Project("{FAE04EC0-301F-11D3-BF4B-00C04F79EFBC}") = "loop 3", "loop 3\loop 3.csproj", "{BDABDB59-D588-4CB5-B1C5-4624F0FAFDB9}"
EndProject
Global
	GlobalSection(SolutionConfigurationPlatforms) = preSolution
		Debug|Any CPU = Debug|Any CPU
		Release|Any CPU = Release|Any CPU
	EndGlobalSection
	GlobalSection(ProjectConfigurationPlatforms) = postSolution
		{BDABDB59-D588-4CB5-B1C5-4624F0FAFDB9}.Debug|Any CPU.ActiveCfg = Debug|Any CPU
		{BDABDB59-D588-4CB5-B1C5-4624F0FAFDB9}.Debug|Any CPU.Build.0 = Debug|Any CPU
		{BDABDB59-D588-4CB5-B1C5-4624F0FAFDB9}.Release|Any CPU.ActiveCfg = Release|Any CPU
		{BDABDB59-D588-4CB5-B1C5-4624F0FAFDB9}.Release|Any CPU.Build.0 = Release|Any CPU
	EndGlobalSection
	GlobalSection(SolutionProperties) = preSolution
		HideSolutionNode = FALSE
	EndGlobalSection
	GlobalSection(ExtensibilityGlobals) = postSolution
		SolutionGuid = {99C5D28B-5537-4203-842E-B12460DB5469}
	EndGlobalSection
EndGlobal
